{
  "name": "event-loop-utilization-observer",
  "version": "1.0.0",
  "lockfileVersion": 3,
  "requires": true,
  "packages": {
    "": {
      "name": "event-loop-utilization-observer",
      "version": "1.0.0",
      "license": "MIT",
      "dependencies": {
        "chrome-remote-interface": "^0.32.0",
        "jsonschema": "^1.4.1"
      }
    },
    "node_modules/chrome-remote-interface": {
      "version": "0.32.0",
      "resolved": "https://registry.npmjs.org/chrome-remote-interface/-/chrome-remote-interface-0.32.0.tgz",
      "integrity": "sha512-g8xK3lKvAgEs3Hj/masMfYOyIFbDkXsMxD7e55TRUvbL7pAb6X9uo+0mKQFjZqQ7DN3b8DIdBfkKw1nwkeWHhw==",
      "dependencies": {
        "commander": "2.11.x",
        "ws": "^7.2.0"
      },
      "bin": {
        "chrome-remote-interface": "bin/client.js"
      }
    },
    "node_modules/commander": {
      "version": "2.11.0",
      "resolved": "https://registry.npmjs.org/commander/-/commander-2.11.0.tgz",
      "integrity": "sha512-b0553uYA5YAEGgyYIGYROzKQ7X5RAqedkfjiZxwi0kL1g3bOaBNNZfYkzt/CL0umgD5wc9Jec2FbB98CjkMRvQ=="
    },
    "node_modules/jsonschema": {
      "version": "1.4.1",
      "resolved": "https://registry.npmjs.org/jsonschema/-/jsonschema-1.4.1.tgz",
      "integrity": "sha512-S6cATIPVv1z0IlxdN+zUk5EPjkGCdnhN4wVSBlvoUO1tOLJootbo9CquNJmbIh4yikWHiUedhRYrNPn1arpEmQ==",
      "engines": {
        "node": "*"
      }
    },
    "node_modules/ws": {
      "version": "7.5.9",
      "resolved": "https://registry.npmjs.org/ws/-/ws-7.5.9.tgz",
      "integrity": "sha512-F+P9Jil7UiSKSkppIiD94dN07AwvFixvLIj1Og1Rl9GGMuNipJnV9JzjD6XuqmAeiswGvUmNLjr5cFuXwNS77Q==",
      "engines": {
        "node": ">=8.3.0"
      },
      "peerDependencies": {
        "bufferutil": "^4.0.1",
        "utf-8-validate": "^5.0.2"
      },
      "peerDependenciesMeta": {
        "bufferutil": {
          "optional": true
        },
        "utf-8-validate": {
          "optional": true
        }
      }
    }
  }
}
